{
  "name": "fred-fuel",
  "lockfileVersion": 3,
  "requires": true,
  "packages": {
    "": {
      "name": "fred-fuel",
      "devDependencies": {
        "fast-check": "4.10.2",
        "playwright": "1.56.1"
      },
      "engines": {
        "node": ">=20"
      }
    },
    "node_modules/fast-check": {
      "version": "4.10.2",
      "resolved": "https://registry.npmjs.org/fast-check/-/fast-check-4.10.2.tgz",
      "integrity": "sha512-iK2f+YrcmoeGqk6fA0ea2bptcu/itMIm4NfEozq6N25+aG6h7s5HZbB/k1aV7b5w5sFLMCbbtRUsTVR+BgC3xw==",
      "dev": true,
      "funding": [
        {
          "type": "individual",
          "url": "https://github.com/sponsors/dubzzz"
        },
        {
          "type": "opencollective",
          "url": "https://opencollective.com/fast-check"
        }
      ],
      "license": "MIT",
      "dependencies": {
        "pure-rand": "^8.0.0"
      },
      "engines": {
        "node": ">=12.17.0"
      }
    },
    "node_modules/fsevents": {
      "version": "2.3.2",
      "resolved": "https://registry.npmjs.org/fsevents/-/fsevents-2.3.2.tgz",
      "integrity": "sha512-xiqMQR4xAeHTuB9uWm+fFRcIOgKBMiOBP+eXiyT7jsgVCq1bkVygt00oASowB7EdtpOHaaPgKt812P9ab+DDKA==",
      "dev": true,
      "hasInstallScript": true,
      "license": "MIT",
      "optional": true,
      "os": [
        "darwin"
      ],
      "engines": {
        "node": "^8.16.0 || ^10.6.0 || >=11.0.0"
      }
    },
    "node_modules/playwright": {
      "version": "1.56.1",
      "resolved": "https://registry.npmjs.org/playwright/-/playwright-1.56.1.tgz",
      "integrity": "sha512-aFi5B0WovBHTEvpM3DzXTUaeN6eN0qWnTkKx4NQaH4Wvcmc153PdaY2UBdSYKaGYw+UyWXSVyxDUg5DoPEttjw==",
      "dev": true,
      "license": "Apache-2.0",
      "dependencies": {
        "playwright-core": "1.56.1"
      },
      "bin": {
        "playwright": "cli.js"
      },
      "engines": {
        "node": ">=18"
      },
      "optionalDependencies": {
        "fsevents": "2.3.2"
      }
    },
    "node_modules/playwright-core": {
      "version": "1.56.1",
      "resolved": "https://registry.npmjs.org/playwright-core/-/playwright-core-1.56.1.tgz",
      "integrity": "sha512-hutraynyn31F+Bifme+Ps9Vq59hKuUCz7H1kDOcBs+2oGguKkWTU50bBWrtz34OUWmIwpBTWDxaRPXrIXkgvmQ==",
      "dev": true,
      "license": "Apache-2.0",
      "bin": {
        "playwright-core": "cli.js"
      },
      "engines": {
        "node": ">=18"
      }
    },
    "node_modules/pure-rand": {
      "version": "8.4.2",
      "resolved": "https://registry.npmjs.org/pure-rand/-/pure-rand-8.4.2.tgz",
      "integrity": "sha512-vvuOGgcuPJAirlHvuQw1TrOiw7ptaIXXmIbNuiNOY6lNGJJH49PQ1Kj4nd783nPdQhQdicgOjVI2yI/9BD6/Ng==",
      "dev": true,
      "funding": [
        {
          "type": "individual",
          "url": "https://github.com/sponsors/dubzzz"
        },
        {
          "type": "opencollective",
          "url": "https://opencollective.com/fast-check"
        }
      ],
      "license": "MIT"
    }
  }
}
